{
  "name": "gw-inverter-frontend",
  "version": "0.0.0",
  "lockfileVersion": 3,
  "requires": true,
  "packages": {
    "": {
      "name": "gw-inverter-frontend",
      "version": "0.0.0",
      "devDependencies": {
        "progmemgen": "github:crasu/progmemgen"
      }
    },
    "node_modules/progmemgen": {
      "version": "0.0.1",
      "resolved": "git+ssh://git@github.com/crasu/progmemgen.git#5a1cbd804bceba13d2033a09cc830fc3fd402896",
      "dev": true,
      "license": "MIT",
      "bin": {
        "progmemgen": "dist/bin/generate.js"
      }
    }
  }
}
